<?xml version="1.0" encoding="utf-8"?>
<Project ToolsVersion="4.0" xmlns="http://schemas.microsoft.com/developer/msbuild/2003">
  <ItemGroup>
    <Filter Include="Source Files">
      <UniqueIdentifier>{4FC737F1-C7A5-4376-A066-2A32D752A2FF}</UniqueIdentifier>
      <Extensions>cpp;c;cc;cxx;def;odl;idl;hpj;bat;asm;asmx</Extensions>
    </Filter>
    <Filter Include="Header Files">
      <UniqueIdentifier>{93995380-89BD-4b04-88EB-625FBE52EBFB}</UniqueIdentifier>
      <Extensions>h;hh;hpp;hxx;hm;inl;inc;xsd</Extensions>
    </Filter>
    <Filter Include="Resource Files">
      <UniqueIdentifier>{67DA6AB6-F800-4c08-8B7A-83BB121AAD01}</UniqueIdentifier>
      <Extensions>rc;ico;cur;bmp;dlg;rc2;rct;bin;rgs;gif;jpg;jpeg;jpe;resx;tiff;tif;png;wav;mfcribbon-ms</Extensions>
    </Filter>
    <Filter Include="c-ringbuf">
      <UniqueIdentifier>{28181a4e-b133-437a-b457-37553b7226b6}</UniqueIdentifier>
    </Filter>
    <Filter Include="utf">
      <UniqueIdentifier>{4430a06b-e030-43fd-941c-39b1c8cb331f}</UniqueIdentifier>
    </Filter>
  </ItemGroup>
  <ItemGroup>
    <ClCompile Include="AT_AboutDlg.cpp">
      <Filter>Source Files</Filter>
    </ClCompile>
    <ClCompile Include="AT_ColorButton.cpp">
      <Filter>Source Files</Filter>
    </ClCompile>
    <ClCompile Include="AT_Config.cpp">
      <Filter>Source Files</Filter>
    </ClCompile>
    <ClCompile Include="AT_Incoming.cpp">
      <Filter>Source Files</Filter>
    </ClCompile>
    <ClCompile Include="AT_ListCtrlEx.cpp">
      <Filter>Source Files</Filter>
    </ClCompile>
    <ClCompile Include="AT_Main.cpp">
      <Filter>Source Files</Filter>
    </ClCompile>
    <ClCompile Include="AT_MainFrame.cpp">
      <Filter>Source Files</Filter>
    </ClCompile>
    <ClCompile Include="AT_Message.cpp">
      <Filter>Source Files</Filter>
    </ClCompile>
    <ClCompile Include="AT_MessageQueue.cpp">
      <Filter>Source Files</Filter>
    </ClCompile>
    <ClCompile Include="AT_OptionsDlg.cpp">
      <Filter>Source Files</Filter>
    </ClCompile>
    <ClCompile Include="AT_StylePreview.cpp">
      <Filter>Source Files</Filter>
    </ClCompile>
    <ClCompile Include="AT_System.cpp">
      <Filter>Source Files</Filter>
    </ClCompile>
    <ClCompile Include="AT_TickFrame.cpp">
      <Filter>Source Files</Filter>
    </ClCompile>
    <ClCompile Include="AT_TraceFrame.cpp">
      <Filter>Source Files</Filter>
    </ClCompile>
    <ClCompile Include="AT_Util.cpp">
      <Filter>Source Files</Filter>
    </ClCompile>
    <ClCompile Include="AT_ValueFrame.cpp">
      <Filter>Source Files</Filter>
    </ClCompile>
    <ClCompile Include="StdAfx.cpp">
      <Filter>Source Files</Filter>
    </ClCompile>
    <ClCompile Include="c-ringbuf\ringbuf.c">
      <Filter>c-ringbuf</Filter>
    </ClCompile>
    <ClCompile Include="utf\ConvertUTF.c">
      <Filter>utf</Filter>
    </ClCompile>
  </ItemGroup>
  <ItemGroup>
    <ClInclude Include="AT_AboutDlg.h">
      <Filter>Header Files</Filter>
    </ClInclude>
    <ClInclude Include="AT_ChildFrame.h">
      <Filter>Header Files</Filter>
    </ClInclude>
    <ClInclude Include="AT_ColorButton.h">
      <Filter>Header Files</Filter>
    </ClInclude>
    <ClInclude Include="AT_Config.h">
      <Filter>Header Files</Filter>
    </ClInclude>
    <ClInclude Include="AT_Global.h">
      <Filter>Header Files</Filter>
    </ClInclude>
    <ClInclude Include="AT_Incoming.h">
      <Filter>Header Files</Filter>
    </ClInclude>
    <ClInclude Include="AT_ListCtrlEx.h">
      <Filter>Header Files</Filter>
    </ClInclude>
    <ClInclude Include="AT_MainFrame.h">
      <Filter>Header Files</Filter>
    </ClInclude>
    <ClInclude Include="AT_Message.h">
      <Filter>Header Files</Filter>
    </ClInclude>
    <ClInclude Include="AT_MessageQueue.h">
      <Filter>Header Files</Filter>
    </ClInclude>
    <ClInclude Include="AT_OptionsDlg.h">
      <Filter>Header Files</Filter>
    </ClInclude>
    <ClInclude Include="AT_StylePreview.h">
      <Filter>Header Files</Filter>
    </ClInclude>
    <ClInclude Include="AT_System.h">
      <Filter>Header Files</Filter>
    </ClInclude>
    <ClInclude Include="AT_TickFrame.h">
      <Filter>Header Files</Filter>
    </ClInclude>
    <ClInclude Include="AT_TraceFrame.h">
      <Filter>Header Files</Filter>
    </ClInclude>
    <ClInclude Include="AT_Util.h">
      <Filter>Header Files</Filter>
    </ClInclude>
    <ClInclude Include="AT_ValueFrame.h">
      <Filter>Header Files</Filter>
    </ClInclude>
    <ClInclude Include="StdAfx.h">
      <Filter>Header Files</Filter>
    </ClInclude>
    <ClInclude Include="c-ringbuf\ringbuf.h">
      <Filter>c-ringbuf</Filter>
    </ClInclude>
    <ClInclude Include="utf\ConvertUTF.h">
      <Filter>utf</Filter>
    </ClInclude>
    <ClInclude Include="resource.h">
      <Filter>Header Files</Filter>
    </ClInclude>
    <ClInclude Include="AT_Interface.h">
      <Filter>Header Files</Filter>
    </ClInclude>
  </ItemGroup>
  <ItemGroup>
    <ResourceCompile Include="AxTrace.rc">
      <Filter>Resource Files</Filter>
    </ResourceCompile>
  </ItemGroup>
  <ItemGroup>
    <Image Include="res\MainToolBar.bmp">
      <Filter>Resource Files</Filter>
    </Image>
    <Image Include="res\AxTrace.ico">
      <Filter>Resource Files</Filter>
    </Image>
    <Image Include="res\AxTrace_TraceFrame.ico">
      <Filter>Resource Files</Filter>
    </Image>
    <Image Include="res\AxTrace_TickFrame.ico">
      <Filter>Resource Files</Filter>
    </Image>
  </ItemGroup>
</Project>